// !$*UTF8*$!
{
	archiveVersion = 1;
	classes = {
	};
	objectVersion = 56;
	objects = {

/* Begin PBXBuildFile section */
		CB3BB0A32C294CFF007C5E79 /* AppDelegate.swift in Sources */ = {isa = PBXBuildFile; fileRef = CB3BB0A22C294CFF007C5E79 /* AppDelegate.swift */; };
		CB3BB0A52C294CFF007C5E79 /* SceneDelegate.swift in Sources */ = {isa = PBXBuildFile; fileRef = CB3BB0A42C294CFF007C5E79 /* SceneDelegate.swift */; };
		CB3BB0A72C294CFF007C5E79 /* ViewController01.swift in Sources */ = {isa = PBXBuildFile; fileRef = CB3BB0A62C294CFF007C5E79 /* ViewController01.swift */; };
		CB3BB0AA2C294CFF007C5E79 /* Base in Resources */ = {isa = PBXBuildFile; fileRef = CB3BB0A92C294CFF007C5E79 /* Base */; };
		CB3BB0AC2C294D00007C5E79 /* Assets.xcassets in Resources */ = {isa = PBXBuildFile; fileRef = CB3BB0AB2C294D00007C5E79 /* Assets.xcassets */; };
		CB3BB0AF2C294D00007C5E79 /* Base in Resources */ = {isa = PBXBuildFile; fileRef = CB3BB0AE2C294D00007C5E79 /* Base */; };
		CB5F64C92C2A99400017E2D4 /* ViewController02.swift in Sources */ = {isa = PBXBuildFile; fileRef = CB5F64C82C2A99400017E2D4 /* ViewController02.swift */; };
		CB5F64CC2C2A9A380017E2D4 /* left.png in Resources */ = {isa = PBXBuildFile; fileRef = CB5F64CA2C2A9A380017E2D4 /* left.png */; };
		CB5F64CD2C2A9A380017E2D4 /* right.png in Resources */ = {isa = PBXBuildFile; fileRef = CB5F64CB2C2A9A380017E2D4 /* right.png */; };
		CB5F64D12C2A9FD40017E2D4 /* ViewController02_Mission.swift in Sources */ = {isa = PBXBuildFile; fileRef = CB5F64D02C2A9FD40017E2D4 /* ViewController02_Mission.swift */; };
		CB5F64D62C2AA0FA0017E2D4 /* couple_01-1.png in Resources */ = {isa = PBXBuildFile; fileRef = CB5F64D22C2AA0F90017E2D4 /* couple_01-1.png */; };
		CB5F64D72C2AA0FA0017E2D4 /* MuhanMiddle.png in Resources */ = {isa = PBXBuildFile; fileRef = CB5F64D32C2AA0F90017E2D4 /* MuhanMiddle.png */; };
		CB5F64D82C2AA0FA0017E2D4 /* MuhanStart.png in Resources */ = {isa = PBXBuildFile; fileRef = CB5F64D42C2AA0FA0017E2D4 /* MuhanStart.png */; };
		CB5F64D92C2AA0FA0017E2D4 /* MuhanEnd.png in Resources */ = {isa = PBXBuildFile; fileRef = CB5F64D52C2AA0FA0017E2D4 /* MuhanEnd.png */; };
		CB5F64DC2C2BF7D70017E2D4 /* ViewController04.swift in Sources */ = {isa = PBXBuildFile; fileRef = CB5F64DB2C2BF7D70017E2D4 /* ViewController04.swift */; };
		CB5F64DF2C2C01430017E2D4 /* PickerVC.swift in Sources */ = {isa = PBXBuildFile; fileRef = CB5F64DE2C2C01430017E2D4 /* PickerVC.swift */; };
		CB5F64F62C2C01A20017E2D4 /* 대학원_평생교육원.png in Resources */ = {isa = PBXBuildFile; fileRef = CB5F64E02C2C01A10017E2D4 /* 대학원_평생교육원.png */; };
		CB5F64F72C2C01A20017E2D4 /* 글로벌센터.png in Resources */ = {isa = PBXBuildFile; fileRef = CB5F64E12C2C01A10017E2D4 /* 글로벌센터.png */; };
		CB5F64F92C2C01A20017E2D4 /* 공과대학1.png in Resources */ = {isa = PBXBuildFile; fileRef = CB5F64E32C2C01A10017E2D4 /* 공과대학1.png */; };
		CB5F64FA2C2C01A20017E2D4 /* 교육대학원.png in Resources */ = {isa = PBXBuildFile; fileRef = CB5F64E42C2C01A20017E2D4 /* 교육대학원.png */; };
		CB5F64FB2C2C01A20017E2D4 /* 바이오나노연구원.png in Resources */ = {isa = PBXBuildFile; fileRef = CB5F64E52C2C01A20017E2D4 /* 바이오나노연구원.png */; };
		CB5F65012C2C01A20017E2D4 /* 공과대학2.png in Resources */ = {isa = PBXBuildFile; fileRef = CB5F64EB2C2C01A20017E2D4 /* 공과대학2.png */; };
		CB5F65022C2C01A20017E2D4 /* 바이오나노대학.png in Resources */ = {isa = PBXBuildFile; fileRef = CB5F64EC2C2C01A20017E2D4 /* 바이오나노대학.png */; };
		CB5F65032C2C01A20017E2D4 /* 가천관.png in Resources */ = {isa = PBXBuildFile; fileRef = CB5F64ED2C2C01A20017E2D4 /* 가천관.png */; };
		CB5F650A2C2C01A20017E2D4 /* 반도체대학.png in Resources */ = {isa = PBXBuildFile; fileRef = CB5F64F42C2C01A20017E2D4 /* 반도체대학.png */; };
		CB5F650F2C2D4C3D0017E2D4 /* AlertVC.swift in Sources */ = {isa = PBXBuildFile; fileRef = CB5F650E2C2D4C3D0017E2D4 /* AlertVC.swift */; };
		CB5F65132C2D522C0017E2D4 /* lampRemove.png in Resources */ = {isa = PBXBuildFile; fileRef = CB5F65102C2D522C0017E2D4 /* lampRemove.png */; };
		CB5F65142C2D522C0017E2D4 /* lampOn.png in Resources */ = {isa = PBXBuildFile; fileRef = CB5F65112C2D522C0017E2D4 /* lampOn.png */; };
		CB5F65152C2D522C0017E2D4 /* lampOff.png in Resources */ = {isa = PBXBuildFile; fileRef = CB5F65122C2D522C0017E2D4 /* lampOff.png */; };
		CB5F65182C2D57540017E2D4 /* ClockAlertVC.swift in Sources */ = {isa = PBXBuildFile; fileRef = CB5F65172C2D57540017E2D4 /* ClockAlertVC.swift */; };
		CB5F651B2C2D5CB50017E2D4 /* WebBrowserVC.swift in Sources */ = {isa = PBXBuildFile; fileRef = CB5F651A2C2D5CB50017E2D4 /* WebBrowserVC.swift */; };
/* End PBXBuildFile section */

/* Begin PBXFileReference section */
		CB3BB09F2C294CFF007C5E79 /* Do-it-Swift.app */ = {isa = PBXFileReference; explicitFileType = wrapper.application; includeInIndex = 0; path = "Do-it-Swift.app"; sourceTree = BUILT_PRODUCTS_DIR; };
		CB3BB0A22C294CFF007C5E79 /* AppDelegate.swift */ = {isa = PBXFileReference; lastKnownFileType = sourcecode.swift; path = AppDelegate.swift; sourceTree = "<group>"; };
		CB3BB0A42C294CFF007C5E79 /* SceneDelegate.swift */ = {isa = PBXFileReference; lastKnownFileType = sourcecode.swift; path = SceneDelegate.swift; sourceTree = "<group>"; };
		CB3BB0A62C294CFF007C5E79 /* ViewController01.swift */ = {isa = PBXFileReference; lastKnownFileType = sourcecode.swift; path = ViewController01.swift; sourceTree = "<group>"; };
		CB3BB0A92C294CFF007C5E79 /* Base */ = {isa = PBXFileReference; lastKnownFileType = file.storyboard; name = Base; path = Base.lproj/Main.storyboard; sourceTree = "<group>"; };
		CB3BB0AB2C294D00007C5E79 /* Assets.xcassets */ = {isa = PBXFileReference; lastKnownFileType = folder.assetcatalog; path = Assets.xcassets; sourceTree = "<group>"; };
		CB3BB0AE2C294D00007C5E79 /* Base */ = {isa = PBXFileReference; lastKnownFileType = file.storyboard; name = Base; path = Base.lproj/LaunchScreen.storyboard; sourceTree = "<group>"; };
		CB3BB0B02C294D00007C5E79 /* Info.plist */ = {isa = PBXFileReference; lastKnownFileType = text.plist.xml; path = Info.plist; sourceTree = "<group>"; };
		CB5F64C82C2A99400017E2D4 /* ViewController02.swift */ = {isa = PBXFileReference; lastKnownFileType = sourcecode.swift; path = ViewController02.swift; sourceTree = "<group>"; };
		CB5F64CA2C2A9A380017E2D4 /* left.png */ = {isa = PBXFileReference; lastKnownFileType = image.png; path = left.png; sourceTree = "<group>"; };
		CB5F64CB2C2A9A380017E2D4 /* right.png */ = {isa = PBXFileReference; lastKnownFileType = image.png; path = right.png; sourceTree = "<group>"; };
		CB5F64D02C2A9FD40017E2D4 /* ViewController02_Mission.swift */ = {isa = PBXFileReference; lastKnownFileType = sourcecode.swift; path = ViewController02_Mission.swift; sourceTree = "<group>"; };
		CB5F64D22C2AA0F90017E2D4 /* couple_01-1.png */ = {isa = PBXFileReference; lastKnownFileType = image.png; path = "couple_01-1.png"; sourceTree = "<group>"; };
		CB5F64D32C2AA0F90017E2D4 /* MuhanMiddle.png */ = {isa = PBXFileReference; lastKnownFileType = image.png; path = MuhanMiddle.png; sourceTree = "<group>"; };
		CB5F64D42C2AA0FA0017E2D4 /* MuhanStart.png */ = {isa = PBXFileReference; lastKnownFileType = image.png; path = MuhanStart.png; sourceTree = "<group>"; };
		CB5F64D52C2AA0FA0017E2D4 /* MuhanEnd.png */ = {isa = PBXFileReference; lastKnownFileType = image.png; path = MuhanEnd.png; sourceTree = "<group>"; };
		CB5F64DB2C2BF7D70017E2D4 /* ViewController04.swift */ = {isa = PBXFileReference; lastKnownFileType = sourcecode.swift; path = ViewController04.swift; sourceTree = "<group>"; };
		CB5F64DE2C2C01430017E2D4 /* PickerVC.swift */ = {isa = PBXFileReference; lastKnownFileType = sourcecode.swift; path = PickerVC.swift; sourceTree = "<group>"; };
		CB5F64E02C2C01A10017E2D4 /* 대학원_평생교육원.png */ = {isa = PBXFileReference; lastKnownFileType = image.png; path = "대학원_평생교육원.png"; sourceTree = "<group>"; };
		CB5F64E12C2C01A10017E2D4 /* 글로벌센터.png */ = {isa = PBXFileReference; lastKnownFileType = image.png; path = "글로벌센터.png"; sourceTree = "<group>"; };
		CB5F64E32C2C01A10017E2D4 /* 공과대학1.png */ = {isa = PBXFileReference; lastKnownFileType = image.png; path = "공과대학1.png"; sourceTree = "<group>"; };
		CB5F64E42C2C01A20017E2D4 /* 교육대학원.png */ = {isa = PBXFileReference; lastKnownFileType = image.png; path = "교육대학원.png"; sourceTree = "<group>"; };
		CB5F64E52C2C01A20017E2D4 /* 바이오나노연구원.png */ = {isa = PBXFileReference; lastKnownFileType = image.png; path = "바이오나노연구원.png"; sourceTree = "<group>"; };
		CB5F64EB2C2C01A20017E2D4 /* 공과대학2.png */ = {isa = PBXFileReference; lastKnownFileType = image.png; path = "공과대학2.png"; sourceTree = "<group>"; };
		CB5F64EC2C2C01A20017E2D4 /* 바이오나노대학.png */ = {isa = PBXFileReference; lastKnownFileType = image.png; path = "바이오나노대학.png"; sourceTree = "<group>"; };
		CB5F64ED2C2C01A20017E2D4 /* 가천관.png */ = {isa = PBXFileReference; lastKnownFileType = image.png; path = "가천관.png"; sourceTree = "<group>"; };
		CB5F64F42C2C01A20017E2D4 /* 반도체대학.png */ = {isa = PBXFileReference; lastKnownFileType = image.png; path = "반도체대학.png"; sourceTree = "<group>"; };
		CB5F650E2C2D4C3D0017E2D4 /* AlertVC.swift */ = {isa = PBXFileReference; lastKnownFileType = sourcecode.swift; path = AlertVC.swift; sourceTree = "<group>"; };
		CB5F65102C2D522C0017E2D4 /* lampRemove.png */ = {isa = PBXFileReference; lastKnownFileType = image.png; path = lampRemove.png; sourceTree = "<group>"; };
		CB5F65112C2D522C0017E2D4 /* lampOn.png */ = {isa = PBXFileReference; lastKnownFileType = image.png; path = lampOn.png; sourceTree = "<group>"; };
		CB5F65122C2D522C0017E2D4 /* lampOff.png */ = {isa = PBXFileReference; lastKnownFileType = image.png; path = lampOff.png; sourceTree = "<group>"; };
		CB5F65172C2D57540017E2D4 /* ClockAlertVC.swift */ = {isa = PBXFileReference; lastKnownFileType = sourcecode.swift; path = ClockAlertVC.swift; sourceTree = "<group>"; };
		CB5F651A2C2D5CB50017E2D4 /* WebBrowserVC.swift */ = {isa = PBXFileReference; lastKnownFileType = sourcecode.swift; path = WebBrowserVC.swift; sourceTree = "<group>"; };
/* End PBXFileReference section */

/* Begin PBXFrameworksBuildPhase section */
		CB3BB09C2C294CFF007C5E79 /* Frameworks */ = {
			isa = PBXFrameworksBuildPhase;
			buildActionMask = 2147483647;
			files = (
			);
			runOnlyForDeploymentPostprocessing = 0;
		};
/* End PBXFrameworksBuildPhase section */

/* Begin PBXGroup section */
		CB3BB0962C294CFF007C5E79 = {
			isa = PBXGroup;
			children = (
				CB3BB0A12C294CFF007C5E79 /* Do-it-Swift */,
				CB3BB0A02C294CFF007C5E79 /* Products */,
			);
			sourceTree = "<group>";
		};
		CB3BB0A02C294CFF007C5E79 /* Products */ = {
			isa = PBXGroup;
			children = (
				CB3BB09F2C294CFF007C5E79 /* Do-it-Swift.app */,
			);
			name = Products;
			sourceTree = "<group>";
		};
		CB3BB0A12C294CFF007C5E79 /* Do-it-Swift */ = {
			isa = PBXGroup;
			children = (
				CB5F65192C2D5C960017E2D4 /* 07-WebBrowser */,
				CB5F650D2C2D4C250017E2D4 /* 06-Alert */,
				CB5F64DD2C2C012A0017E2D4 /* 05-Picker */,
				CB5F64DA2C2BF7C50017E2D4 /* 04-DatePicker */,
				CB5F64CF2C2A9FA80017E2D4 /* 02-HelloWorld */,
				CB5F64CE2C2A9F880017E2D4 /* 03-imageView */,
				CB3BB0A22C294CFF007C5E79 /* AppDelegate.swift */,
				CB3BB0A42C294CFF007C5E79 /* SceneDelegate.swift */,
				CB3BB0A82C294CFF007C5E79 /* Main.storyboard */,
				CB3BB0AB2C294D00007C5E79 /* Assets.xcassets */,
				CB3BB0AD2C294D00007C5E79 /* LaunchScreen.storyboard */,
				CB3BB0B02C294D00007C5E79 /* Info.plist */,
			);
			path = "Do-it-Swift";
			sourceTree = "<group>";
		};
		CB5F64CE2C2A9F880017E2D4 /* 03-imageView */ = {
			isa = PBXGroup;
			children = (
				CB5F64CA2C2A9A380017E2D4 /* left.png */,
				CB5F64CB2C2A9A380017E2D4 /* right.png */,
				CB5F64D22C2AA0F90017E2D4 /* couple_01-1.png */,
				CB5F64D52C2AA0FA0017E2D4 /* MuhanEnd.png */,
				CB5F64D32C2AA0F90017E2D4 /* MuhanMiddle.png */,
				CB5F64D42C2AA0FA0017E2D4 /* MuhanStart.png */,
				CB5F64C82C2A99400017E2D4 /* ViewController02.swift */,
				CB5F64D02C2A9FD40017E2D4 /* ViewController02_Mission.swift */,
			);
			path = "03-imageView";
			sourceTree = "<group>";
		};
		CB5F64CF2C2A9FA80017E2D4 /* 02-HelloWorld */ = {
			isa = PBXGroup;
			children = (
				CB3BB0A62C294CFF007C5E79 /* ViewController01.swift */,
			);
			path = "02-HelloWorld";
			sourceTree = "<group>";
		};
		CB5F64DA2C2BF7C50017E2D4 /* 04-DatePicker */ = {
			isa = PBXGroup;
			children = (
				CB5F64DB2C2BF7D70017E2D4 /* ViewController04.swift */,
			);
			path = "04-DatePicker";
			sourceTree = "<group>";
		};
		CB5F64DD2C2C012A0017E2D4 /* 05-Picker */ = {
			isa = PBXGroup;
			children = (
				CB5F650C2C2C01B80017E2D4 /* image */,
				CB5F64DE2C2C01430017E2D4 /* PickerVC.swift */,
			);
			path = "05-Picker";
			sourceTree = "<group>";
		};
		CB5F650C2C2C01B80017E2D4 /* image */ = {
			isa = PBXGroup;
			children = (
				CB5F64ED2C2C01A20017E2D4 /* 가천관.png */,
				CB5F64E32C2C01A10017E2D4 /* 공과대학1.png */,
				CB5F64EB2C2C01A20017E2D4 /* 공과대학2.png */,
				CB5F64E42C2C01A20017E2D4 /* 교육대학원.png */,
				CB5F64E12C2C01A10017E2D4 /* 글로벌센터.png */,
				CB5F64E02C2C01A10017E2D4 /* 대학원_평생교육원.png */,
				CB5F64EC2C2C01A20017E2D4 /* 바이오나노대학.png */,
				CB5F64E52C2C01A20017E2D4 /* 바이오나노연구원.png */,
				CB5F64F42C2C01A20017E2D4 /* 반도체대학.png */,
			);
			path = image;
			sourceTree = "<group>";
		};
		CB5F650D2C2D4C250017E2D4 /* 06-Alert */ = {
			isa = PBXGroup;
			children = (
				CB5F65162C2D52320017E2D4 /* image */,
				CB5F650E2C2D4C3D0017E2D4 /* AlertVC.swift */,
				CB5F65172C2D57540017E2D4 /* ClockAlertVC.swift */,
			);
			path = "06-Alert";
			sourceTree = "<group>";
		};
		CB5F65162C2D52320017E2D4 /* image */ = {
			isa = PBXGroup;
			children = (
				CB5F65122C2D522C0017E2D4 /* lampOff.png */,
				CB5F65112C2D522C0017E2D4 /* lampOn.png */,
				CB5F65102C2D522C0017E2D4 /* lampRemove.png */,
			);
			path = image;
			sourceTree = "<group>";
		};
		CB5F65192C2D5C960017E2D4 /* 07-WebBrowser */ = {
			isa = PBXGroup;
			children = (
				CB5F651A2C2D5CB50017E2D4 /* WebBrowserVC.swift */,
			);
			path = "07-WebBrowser";
			sourceTree = "<group>";
		};
/* End PBXGroup section */

/* Begin PBXNativeTarget section */
		CB3BB09E2C294CFF007C5E79 /* Do-it-Swift */ = {
			isa = PBXNativeTarget;
			buildConfigurationList = CB3BB0B32C294D00007C5E79 /* Build configuration list for PBXNativeTarget "Do-it-Swift" */;
			buildPhases = (
				CB3BB09B2C294CFF007C5E79 /* Sources */,
				CB3BB09C2C294CFF007C5E79 /* Frameworks */,
				CB3BB09D2C294CFF007C5E79 /* Resources */,
			);
			buildRules = (
			);
			dependencies = (
			);
			name = "Do-it-Swift";
			productName = "Do-it-Swift";
			productReference = CB3BB09F2C294CFF007C5E79 /* Do-it-Swift.app */;
			productType = "com.apple.product-type.application";
		};
/* End PBXNativeTarget section */

/* Begin PBXProject section */
		CB3BB0972C294CFF007C5E79 /* Project object */ = {
			isa = PBXProject;
			attributes = {
				BuildIndependentTargetsInParallel = 1;
				LastSwiftUpdateCheck = 1540;
				LastUpgradeCheck = 1540;
				TargetAttributes = {
					CB3BB09E2C294CFF007C5E79 = {
						CreatedOnToolsVersion = 15.4;
					};
				};
			};
			buildConfigurationList = CB3BB09A2C294CFF007C5E79 /* Build configuration list for PBXProject "Do-it-Swift" */;
			compatibilityVersion = "Xcode 14.0";
			developmentRegion = en;
			hasScannedForEncodings = 0;
			knownRegions = (
				en,
				Base,
			);
			mainGroup = CB3BB0962C294CFF007C5E79;
			productRefGroup = CB3BB0A02C294CFF007C5E79 /* Products */;
			projectDirPath = "";
			projectRoot = "";
			targets = (
				CB3BB09E2C294CFF007C5E79 /* Do-it-Swift */,
			);
		};
/* End PBXProject section */

/* Begin PBXResourcesBuildPhase section */
		CB3BB09D2C294CFF007C5E79 /* Resources */ = {
			isa = PBXResourcesBuildPhase;
			buildActionMask = 2147483647;
			files = (
				CB5F65152C2D522C0017E2D4 /* lampOff.png in Resources */,
				CB5F64D82C2AA0FA0017E2D4 /* MuhanStart.png in Resources */,
				CB5F64CD2C2A9A380017E2D4 /* right.png in Resources */,
				CB3BB0AC2C294D00007C5E79 /* Assets.xcassets in Resources */,
				CB3BB0AF2C294D00007C5E79 /* Base in Resources */,
				CB5F64CC2C2A9A380017E2D4 /* left.png in Resources */,
				CB5F64FB2C2C01A20017E2D4 /* 바이오나노연구원.png in Resources */,
				CB5F65012C2C01A20017E2D4 /* 공과대학2.png in Resources */,
				CB5F64D62C2AA0FA0017E2D4 /* couple_01-1.png in Resources */,
				CB5F64F62C2C01A20017E2D4 /* 대학원_평생교육원.png in Resources */,
				CB3BB0AA2C294CFF007C5E79 /* Base in Resources */,
				CB5F64D72C2AA0FA0017E2D4 /* MuhanMiddle.png in Resources */,
				CB5F64D92C2AA0FA0017E2D4 /* MuhanEnd.png in Resources */,
				CB5F65022C2C01A20017E2D4 /* 바이오나노대학.png in Resources */,
				CB5F64FA2C2C01A20017E2D4 /* 교육대학원.png in Resources */,
				CB5F64F92C2C01A20017E2D4 /* 공과대학1.png in Resources */,
				CB5F64F72C2C01A20017E2D4 /* 글로벌센터.png in Resources */,
				CB5F65142C2D522C0017E2D4 /* lampOn.png in Resources */,
				CB5F650A2C2C01A20017E2D4 /* 반도체대학.png in Resources */,
				CB5F65132C2D522C0017E2D4 /* lampRemove.png in Resources */,
				CB5F65032C2C01A20017E2D4 /* 가천관.png in Resources */,
			);
			runOnlyForDeploymentPostprocessing = 0;
		};
/* End PBXResourcesBuildPhase section */

/* Begin PBXSourcesBuildPhase section */
		CB3BB09B2C294CFF007C5E79 /* Sources */ = {
			isa = PBXSourcesBuildPhase;
			buildActionMask = 2147483647;
			files = (
				CB5F64D12C2A9FD40017E2D4 /* ViewController02_Mission.swift in Sources */,
				CB5F65182C2D57540017E2D4 /* ClockAlertVC.swift in Sources */,
				CB5F651B2C2D5CB50017E2D4 /* WebBrowserVC.swift in Sources */,
				CB5F650F2C2D4C3D0017E2D4 /* AlertVC.swift in Sources */,
				CB5F64DF2C2C01430017E2D4 /* PickerVC.swift in Sources */,
				CB5F64DC2C2BF7D70017E2D4 /* ViewController04.swift in Sources */,
				CB3BB0A72C294CFF007C5E79 /* ViewController01.swift in Sources */,
				CB3BB0A32C294CFF007C5E79 /* AppDelegate.swift in Sources */,
				CB5F64C92C2A99400017E2D4 /* ViewController02.swift in Sources */,
				CB3BB0A52C294CFF007C5E79 /* SceneDelegate.swift in Sources */,
			);
			runOnlyForDeploymentPostprocessing = 0;
		};
/* End PBXSourcesBuildPhase section */

/* Begin PBXVariantGroup section */
		CB3BB0A82C294CFF007C5E79 /* Main.storyboard */ = {
			isa = PBXVariantGroup;
			children = (
				CB3BB0A92C294CFF007C5E79 /* Base */,
			);
			name = Main.storyboard;
			sourceTree = "<group>";
		};
		CB3BB0AD2C294D00007C5E79 /* LaunchScreen.storyboard */ = {
			isa = PBXVariantGroup;
			children = (
				CB3BB0AE2C294D00007C5E79 /* Base */,
			);
			name = LaunchScreen.storyboard;
			sourceTree = "<group>";
		};
/* End PBXVariantGroup section */

/* Begin XCBuildConfiguration section */
		CB3BB0B12C294D00007C5E79 /* Debug */ = {
			isa = XCBuildConfiguration;
			buildSettings = {
				ALWAYS_SEARCH_USER_PATHS = NO;
				ASSETCATALOG_COMPILER_GENERATE_SWIFT_ASSET_SYMBOL_EXTENSIONS = YES;
				CLANG_ANALYZER_NONNULL = YES;
				CLANG_ANALYZER_NUMBER_OBJECT_CONVERSION = YES_AGGRESSIVE;
				CLANG_CXX_LANGUAGE_STANDARD = "gnu++20";
				CLANG_ENABLE_MODULES = YES;
				CLANG_ENABLE_OBJC_ARC = YES;
				CLANG_ENABLE_OBJC_WEAK = YES;
				CLANG_WARN_BLOCK_CAPTURE_AUTORELEASING = YES;
				CLANG_WARN_BOOL_CONVERSION = YES;
				CLANG_WARN_COMMA = YES;
				CLANG_WARN_CONSTANT_CONVERSION = YES;
				CLANG_WARN_DEPRECATED_OBJC_IMPLEMENTATIONS = YES;
				CLANG_WARN_DIRECT_OBJC_ISA_USAGE = YES_ERROR;
				CLANG_WARN_DOCUMENTATION_COMMENTS = YES;
				CLANG_WARN_EMPTY_BODY = YES;
				CLANG_WARN_ENUM_CONVERSION = YES;
				CLANG_WARN_INFINITE_RECURSION = YES;
				CLANG_WARN_INT_CONVERSION = YES;
				CLANG_WARN_NON_LITERAL_NULL_CONVERSION = YES;
				CLANG_WARN_OBJC_IMPLICIT_RETAIN_SELF = YES;
				CLANG_WARN_OBJC_LITERAL_CONVERSION = YES;
				CLANG_WARN_OBJC_ROOT_CLASS = YES_ERROR;
				CLANG_WARN_QUOTED_INCLUDE_IN_FRAMEWORK_HEADER = YES;
				CLANG_WARN_RANGE_LOOP_ANALYSIS = YES;
				CLANG_WARN_STRICT_PROTOTYPES = YES;
				CLANG_WARN_SUSPICIOUS_MOVE = YES;
				CLANG_WARN_UNGUARDED_AVAILABILITY = YES_AGGRESSIVE;
				CLANG_WARN_UNREACHABLE_CODE = YES;
				CLANG_WARN__DUPLICATE_METHOD_MATCH = YES;
				COPY_PHASE_STRIP = NO;
				DEBUG_INFORMATION_FORMAT = dwarf;
				ENABLE_STRICT_OBJC_MSGSEND = YES;
				ENABLE_TESTABILITY = YES;
				ENABLE_USER_SCRIPT_SANDBOXING = YES;
				GCC_C_LANGUAGE_STANDARD = gnu17;
				GCC_DYNAMIC_NO_PIC = NO;
				GCC_NO_COMMON_BLOCKS = YES;
				GCC_OPTIMIZATION_LEVEL = 0;
				GCC_PREPROCESSOR_DEFINITIONS = (
					"DEBUG=1",
					"$(inherited)",
				);
				GCC_WARN_64_TO_32_BIT_CONVERSION = YES;
				GCC_WARN_ABOUT_RETURN_TYPE = YES_ERROR;
				GCC_WARN_UNDECLARED_SELECTOR = YES;
				GCC_WARN_UNINITIALIZED_AUTOS = YES_AGGRESSIVE;
				GCC_WARN_UNUSED_FUNCTION = YES;
				GCC_WARN_UNUSED_VARIABLE = YES;
				IPHONEOS_DEPLOYMENT_TARGET = 17.5;
				LOCALIZATION_PREFERS_STRING_CATALOGS = YES;
				MTL_ENABLE_DEBUG_INFO = INCLUDE_SOURCE;
				MTL_FAST_MATH = YES;
				ONLY_ACTIVE_ARCH = YES;
				SDKROOT = iphoneos;
				SWIFT_ACTIVE_COMPILATION_CONDITIONS = "DEBUG $(inherited)";
				SWIFT_OPTIMIZATION_LEVEL = "-Onone";
			};
			name = Debug;
		};
		CB3BB0B22C294D00007C5E79 /* Release */ = {
			isa = XCBuildConfiguration;
			buildSettings = {
				ALWAYS_SEARCH_USER_PATHS = NO;
				ASSETCATALOG_COMPILER_GENERATE_SWIFT_ASSET_SYMBOL_EXTENSIONS = YES;
				CLANG_ANALYZER_NONNULL = YES;
				CLANG_ANALYZER_NUMBER_OBJECT_CONVERSION = YES_AGGRESSIVE;
				CLANG_CXX_LANGUAGE_STANDARD = "gnu++20";
				CLANG_ENABLE_MODULES = YES;
				CLANG_ENABLE_OBJC_ARC = YES;
				CLANG_ENABLE_OBJC_WEAK = YES;
				CLANG_WARN_BLOCK_CAPTURE_AUTORELEASING = YES;
				CLANG_WARN_BOOL_CONVERSION = YES;
				CLANG_WARN_COMMA = YES;
				CLANG_WARN_CONSTANT_CONVERSION = YES;
				CLANG_WARN_DEPRECATED_OBJC_IMPLEMENTATIONS = YES;
				CLANG_WARN_DIRECT_OBJC_ISA_USAGE = YES_ERROR;
				CLANG_WARN_DOCUMENTATION_COMMENTS = YES;
				CLANG_WARN_EMPTY_BODY = YES;
				CLANG_WARN_ENUM_CONVERSION = YES;
				CLANG_WARN_INFINITE_RECURSION = YES;
				CLANG_WARN_INT_CONVERSION = YES;
				CLANG_WARN_NON_LITERAL_NULL_CONVERSION = YES;
				CLANG_WARN_OBJC_IMPLICIT_RETAIN_SELF = YES;
				CLANG_WARN_OBJC_LITERAL_CONVERSION = YES;
				CLANG_WARN_OBJC_ROOT_CLASS = YES_ERROR;
				CLANG_WARN_QUOTED_INCLUDE_IN_FRAMEWORK_HEADER = YES;
				CLANG_WARN_RANGE_LOOP_ANALYSIS = YES;
				CLANG_WARN_STRICT_PROTOTYPES = YES;
				CLANG_WARN_SUSPICIOUS_MOVE = YES;
				CLANG_WARN_UNGUARDED_AVAILABILITY = YES_AGGRESSIVE;
				CLANG_WARN_UNREACHABLE_CODE = YES;
				CLANG_WARN__DUPLICATE_METHOD_MATCH = YES;
				COPY_PHASE_STRIP = NO;
				DEBUG_INFORMATION_FORMAT = "dwarf-with-dsym";
				ENABLE_NS_ASSERTIONS = NO;
				ENABLE_STRICT_OBJC_MSGSEND = YES;
				ENABLE_USER_SCRIPT_SANDBOXING = YES;
				GCC_C_LANGUAGE_STANDARD = gnu17;
				GCC_NO_COMMON_BLOCKS = YES;
				GCC_WARN_64_TO_32_BIT_CONVERSION = YES;
				GCC_WARN_ABOUT_RETURN_TYPE = YES_ERROR;
				GCC_WARN_UNDECLARED_SELECTOR = YES;
				GCC_WARN_UNINITIALIZED_AUTOS = YES_AGGRESSIVE;
				GCC_WARN_UNUSED_FUNCTION = YES;
				GCC_WARN_UNUSED_VARIABLE = YES;
				IPHONEOS_DEPLOYMENT_TARGET = 17.5;
				LOCALIZATION_PREFERS_STRING_CATALOGS = YES;
				MTL_ENABLE_DEBUG_INFO = NO;
				MTL_FAST_MATH = YES;
				SDKROOT = iphoneos;
				SWIFT_COMPILATION_MODE = wholemodule;
				VALIDATE_PRODUCT = YES;
			};
			name = Release;
		};
		CB3BB0B42C294D00007C5E79 /* Debug */ = {
			isa = XCBuildConfiguration;
			buildSettings = {
				ASSETCATALOG_COMPILER_APPICON_NAME = AppIcon;
				ASSETCATALOG_COMPILER_GLOBAL_ACCENT_COLOR_NAME = AccentColor;
				CODE_SIGN_STYLE = Automatic;
				CURRENT_PROJECT_VERSION = 1;
				DEVELOPMENT_TEAM = X7TYNR98TC;
				GENERATE_INFOPLIST_FILE = YES;
				INFOPLIST_FILE = "Do-it-Swift/Info.plist";
				INFOPLIST_KEY_UIApplicationSupportsIndirectInputEvents = YES;
				INFOPLIST_KEY_UILaunchStoryboardName = LaunchScreen;
				INFOPLIST_KEY_UIMainStoryboardFile = Main;
				INFOPLIST_KEY_UISupportedInterfaceOrientations_iPad = "UIInterfaceOrientationPortrait UIInterfaceOrientationPortraitUpsideDown UIInterfaceOrientationLandscapeLeft UIInterfaceOrientationLandscapeRight";
				INFOPLIST_KEY_UISupportedInterfaceOrientations_iPhone = "UIInterfaceOrientationPortrait UIInterfaceOrientationLandscapeLeft UIInterfaceOrientationLandscapeRight";
				LD_RUNPATH_SEARCH_PATHS = (
					"$(inherited)",
					"@executable_path/Frameworks",
				);
				MARKETING_VERSION = 1.0;
				PRODUCT_BUNDLE_IDENTIFIER = "kr.ac.indck.hyun.Do-it-Swift";
				PRODUCT_NAME = "$(TARGET_NAME)";
				SWIFT_EMIT_LOC_STRINGS = YES;
				SWIFT_VERSION = 5.0;
				TARGETED_DEVICE_FAMILY = "1,2";
			};
			name = Debug;
		};
		CB3BB0B52C294D00007C5E79 /* Release */ = {
			isa = XCBuildConfiguration;
			buildSettings = {
				ASSETCATALOG_COMPILER_APPICON_NAME = AppIcon;
				ASSETCATALOG_COMPILER_GLOBAL_ACCENT_COLOR_NAME = AccentColor;
				CODE_SIGN_STYLE = Automatic;
				CURRENT_PROJECT_VERSION = 1;
				DEVELOPMENT_TEAM = X7TYNR98TC;
				GENERATE_INFOPLIST_FILE = YES;
				INFOPLIST_FILE = "Do-it-Swift/Info.plist";
				INFOPLIST_KEY_UIApplicationSupportsIndirectInputEvents = YES;
				INFOPLIST_KEY_UILaunchStoryboardName = LaunchScreen;
				INFOPLIST_KEY_UIMainStoryboardFile = Main;
				INFOPLIST_KEY_UISupportedInterfaceOrientations_iPad = "UIInterfaceOrientationPortrait UIInterfaceOrientationPortraitUpsideDown UIInterfaceOrientationLandscapeLeft UIInterfaceOrientationLandscapeRight";
				INFOPLIST_KEY_UISupportedInterfaceOrientations_iPhone = "UIInterfaceOrientationPortrait UIInterfaceOrientationLandscapeLeft UIInterfaceOrientationLandscapeRight";
				LD_RUNPATH_SEARCH_PATHS = (
					"$(inherited)",
					"@executable_path/Frameworks",
				);
				MARKETING_VERSION = 1.0;
				PRODUCT_BUNDLE_IDENTIFIER = "kr.ac.indck.hyun.Do-it-Swift";
				PRODUCT_NAME = "$(TARGET_NAME)";
				SWIFT_EMIT_LOC_STRINGS = YES;
				SWIFT_VERSION = 5.0;
				TARGETED_DEVICE_FAMILY = "1,2";
			};
			name = Release;
		};
/* End XCBuildConfiguration section */

/* Begin XCConfigurationList section */
		CB3BB09A2C294CFF007C5E79 /* Build configuration list for PBXProject "Do-it-Swift" */ = {
			isa = XCConfigurationList;
			buildConfigurations = (
				CB3BB0B12C294D00007C5E79 /* Debug */,
				CB3BB0B22C294D00007C5E79 /* Release */,
			);
			defaultConfigurationIsVisible = 0;
			defaultConfigurationName = Release;
		};
		CB3BB0B32C294D00007C5E79 /* Build configuration list for PBXNativeTarget "Do-it-Swift" */ = {
			isa = XCConfigurationList;
			buildConfigurations = (
				CB3BB0B42C294D00007C5E79 /* Debug */,
				CB3BB0B52C294D00007C5E79 /* Release */,
			);
			defaultConfigurationIsVisible = 0;
			defaultConfigurationName = Release;
		};
/* End XCConfigurationList section */
	};
	rootObject = CB3BB0972C294CFF007C5E79 /* Project object */;
}
